
Microsoft Visual Studio Solution File, Format Version 12.00
# Visual Studio Version 16
VisualStudioVersion = 16.0.30717.126
MinimumVisualStudioVersion = 10.0.40219.1
Project("{8BC9CEB8-8B4A-11D0-8D11-00A0C91BC942}") = "Kursach", "Kursach\Kursach.vcxproj", "{15D1F824-026B-44C0-AB87-0B8CC17B4DCA}"
EndProject
Global
	GlobalSection(SolutionConfigurationPlatforms) = preSolution
		Debug|x64 = Debug|x64
		Debug|x86 = Debug|x86
		Release|x64 = Release|x64
		Release|x86 = Release|x86
	EndGlobalSection
	GlobalSection(ProjectConfigurationPlatforms) = postSolution
		{15D1F824-026B-44C0-AB87-0B8CC17B4DCA}.Debug|x64.ActiveCfg = Debug|x64
		{15D1F824-026B-44C0-AB87-0B8CC17B4DCA}.Debug|x64.Build.0 = Debug|x64
		{15D1F824-026B-44C0-AB87-0B8CC17B4DCA}.Debug|x86.ActiveCfg = Debug|Win32
		{15D1F824-026B-44C0-AB87-0B8CC17B4DCA}.Debug|x86.Build.0 = Debug|Win32
		{15D1F824-026B-44C0-AB87-0B8CC17B4DCA}.Release|x64.ActiveCfg = Release|x64
		{15D1F824-026B-44C0-AB87-0B8CC17B4DCA}.Release|x64.Build.0 = Release|x64
		{15D1F824-026B-44C0-AB87-0B8CC17B4DCA}.Release|x86.ActiveCfg = Release|Win32
		{15D1F824-026B-44C0-AB87-0B8CC17B4DCA}.Release|x86.Build.0 = Release|Win32
	EndGlobalSection
	GlobalSection(SolutionProperties) = preSolution
		HideSolutionNode = FALSE
	EndGlobalSection
	GlobalSection(ExtensibilityGlobals) = postSolution
		SolutionGuid = {C1D1DD00-47D4-4AFE-921C-0A8812E4A488}
	EndGlobalSection
EndGlobal
